
Microsoft Visual Studio Solution File, Format Version 12.00
# Visual Studio Version 17
VisualStudioVersion = 17.5.002.0
MinimumVisualStudioVersion = 10.0.40219.1
Project("{9A19103F-16F7-4668-BE54-9A1E7A4F7556}") = "AIOverflow", "app\AIOverflow.csproj", "{55C3AA6A-D818-45B6-A837-5AC6D9A78B11}"
EndProject
Global
	GlobalSection(SolutionConfigurationPlatforms) = preSolution
		Debug|Any CPU = Debug|Any CPU
		Release|Any CPU = Release|Any CPU
	EndGlobalSection
	GlobalSection(ProjectConfigurationPlatforms) = postSolution
		{55C3AA6A-D818-45B6-A837-5AC6D9A78B11}.Debug|Any CPU.ActiveCfg = Debug|Any CPU
		{55C3AA6A-D818-45B6-A837-5AC6D9A78B11}.Debug|Any CPU.Build.0 = Debug|Any CPU
		{55C3AA6A-D818-45B6-A837-5AC6D9A78B11}.Release|Any CPU.ActiveCfg = Release|Any CPU
		{55C3AA6A-D818-45B6-A837-5AC6D9A78B11}.Release|Any CPU.Build.0 = Release|Any CPU
	EndGlobalSection
	GlobalSection(SolutionProperties) = preSolution
		HideSolutionNode = FALSE
	EndGlobalSection
	GlobalSection(ExtensibilityGlobals) = postSolution
		SolutionGuid = {B77C5122-AF85-4C74-97D5-DE705055A417}
	EndGlobalSection
EndGlobal
